
Microsoft Visual Studio Solution File, Format Version 12.00
# Visual Studio Version 17
VisualStudioVersion = 17.12.35527.113
MinimumVisualStudioVersion = 10.0.40219.1
Project("{FAE04EC0-301F-11D3-BF4B-00C04F79EFBC}") = "WireBrainCoffee", "WireBrainCoffee\WireBrainCoffee.csproj", "{9B305681-78E1-4585-9875-86DFB28C128C}"
EndProject
Project("{FAE04EC0-301F-11D3-BF4B-00C04F79EFBC}") = "WireBrainCoffee.Generator", "Generator\WireBrainCoffee.Generator.csproj", "{E878FA13-1632-4A2F-9613-E6C673E7FD2F}"
EndProject
Global
	GlobalSection(SolutionConfigurationPlatforms) = preSolution
		Debug|Any CPU = Debug|Any CPU
		Release|Any CPU = Release|Any CPU
	EndGlobalSection
	GlobalSection(ProjectConfigurationPlatforms) = postSolution
		{9B305681-78E1-4585-9875-86DFB28C128C}.Debug|Any CPU.ActiveCfg = Debug|Any CPU
		{9B305681-78E1-4585-9875-86DFB28C128C}.Debug|Any CPU.Build.0 = Debug|Any CPU
		{9B305681-78E1-4585-9875-86DFB28C128C}.Release|Any CPU.ActiveCfg = Release|Any CPU
		{9B305681-78E1-4585-9875-86DFB28C128C}.Release|Any CPU.Build.0 = Release|Any CPU
		{E878FA13-1632-4A2F-9613-E6C673E7FD2F}.Debug|Any CPU.ActiveCfg = Debug|Any CPU
		{E878FA13-1632-4A2F-9613-E6C673E7FD2F}.Debug|Any CPU.Build.0 = Debug|Any CPU
		{E878FA13-1632-4A2F-9613-E6C673E7FD2F}.Release|Any CPU.ActiveCfg = Release|Any CPU
		{E878FA13-1632-4A2F-9613-E6C673E7FD2F}.Release|Any CPU.Build.0 = Release|Any CPU
	EndGlobalSection
	GlobalSection(SolutionProperties) = preSolution
		HideSolutionNode = FALSE
	EndGlobalSection
EndGlobal
